
Microsoft Visual Studio Solution File, Format Version 11.00
# Visual Studio 2010
Project("{FAE04EC0-301F-11D3-BF4B-00C04F79EFBC}") = "Fartak.Web", "src\Fartak.Web\Fartak.Web.csproj", "{86416F44-4A2D-4459-B2BD-D216DF4F6AE9}"
EndProject
Project("{FAE04EC0-301F-11D3-BF4B-00C04F79EFBC}") = "Fartak.Tests", "src\Fartak.Tests\Fartak.Tests.csproj", "{7137ADF8-C87C-4ADC-B4EE-276C297E0F84}"
EndProject
Global
	GlobalSection(SolutionConfigurationPlatforms) = preSolution
		Debug|Any CPU = Debug|Any CPU
		Release|Any CPU = Release|Any CPU
	EndGlobalSection
	GlobalSection(ProjectConfigurationPlatforms) = postSolution
		{86416F44-4A2D-4459-B2BD-D216DF4F6AE9}.Debug|Any CPU.ActiveCfg = Debug|Any CPU
		{86416F44-4A2D-4459-B2BD-D216DF4F6AE9}.Debug|Any CPU.Build.0 = Debug|Any CPU
		{86416F44-4A2D-4459-B2BD-D216DF4F6AE9}.Release|Any CPU.ActiveCfg = Release|Any CPU
		{86416F44-4A2D-4459-B2BD-D216DF4F6AE9}.Release|Any CPU.Build.0 = Release|Any CPU
		{7137ADF8-C87C-4ADC-B4EE-276C297E0F84}.Debug|Any CPU.ActiveCfg = Debug|Any CPU
		{7137ADF8-C87C-4ADC-B4EE-276C297E0F84}.Debug|Any CPU.Build.0 = Debug|Any CPU
		{7137ADF8-C87C-4ADC-B4EE-276C297E0F84}.Release|Any CPU.ActiveCfg = Release|Any CPU
		{7137ADF8-C87C-4ADC-B4EE-276C297E0F84}.Release|Any CPU.Build.0 = Release|Any CPU
	EndGlobalSection
	GlobalSection(SolutionProperties) = preSolution
		HideSolutionNode = FALSE
	EndGlobalSection
EndGlobal
